
Microsoft Visual Studio Solution File, Format Version 12.00
# Visual Studio Version 17
VisualStudioVersion = 17.7.34009.444
MinimumVisualStudioVersion = 10.0.40219.1
Project("{FAE04EC0-301F-11D3-BF4B-00C04F79EFBC}") = "LibraryAPI", "LibraryAPI\LibraryAPI.csproj", "{207CE44C-0BB8-4FED-ACE7-2263A3D49BEA}"
EndProject
Global
	GlobalSection(SolutionConfigurationPlatforms) = preSolution
		Debug|Any CPU = Debug|Any CPU
		Release|Any CPU = Release|Any CPU
	EndGlobalSection
	GlobalSection(ProjectConfigurationPlatforms) = postSolution
		{207CE44C-0BB8-4FED-ACE7-2263A3D49BEA}.Debug|Any CPU.ActiveCfg = Debug|Any CPU
		{207CE44C-0BB8-4FED-ACE7-2263A3D49BEA}.Debug|Any CPU.Build.0 = Debug|Any CPU
		{207CE44C-0BB8-4FED-ACE7-2263A3D49BEA}.Release|Any CPU.ActiveCfg = Release|Any CPU
		{207CE44C-0BB8-4FED-ACE7-2263A3D49BEA}.Release|Any CPU.Build.0 = Release|Any CPU
	EndGlobalSection
	GlobalSection(SolutionProperties) = preSolution
		HideSolutionNode = FALSE
	EndGlobalSection
	GlobalSection(ExtensibilityGlobals) = postSolution
		SolutionGuid = {9D07EA14-D5B9-486A-8CAA-78250A9F3C62}
	EndGlobalSection
EndGlobal
